
Microsoft Visual Studio Solution File, Format Version 12.00
# Visual Studio Version 16
VisualStudioVersion = 16.0.28729.10
MinimumVisualStudioVersion = 10.0.40219.1
Project("{FAE04EC0-301F-11D3-BF4B-00C04F79EFBC}") = "Vidly1", "Vidly1\Vidly1.csproj", "{9B7769ED-FD0E-4FD8-BBBB-AE4A21C2C1CF}"
EndProject
Global
	GlobalSection(SolutionConfigurationPlatforms) = preSolution
		Debug|Any CPU = Debug|Any CPU
		Release|Any CPU = Release|Any CPU
	EndGlobalSection
	GlobalSection(ProjectConfigurationPlatforms) = postSolution
		{9B7769ED-FD0E-4FD8-BBBB-AE4A21C2C1CF}.Debug|Any CPU.ActiveCfg = Debug|Any CPU
		{9B7769ED-FD0E-4FD8-BBBB-AE4A21C2C1CF}.Debug|Any CPU.Build.0 = Debug|Any CPU
		{9B7769ED-FD0E-4FD8-BBBB-AE4A21C2C1CF}.Release|Any CPU.ActiveCfg = Release|Any CPU
		{9B7769ED-FD0E-4FD8-BBBB-AE4A21C2C1CF}.Release|Any CPU.Build.0 = Release|Any CPU
	EndGlobalSection
	GlobalSection(SolutionProperties) = preSolution
		HideSolutionNode = FALSE
	EndGlobalSection
	GlobalSection(ExtensibilityGlobals) = postSolution
		SolutionGuid = {CA9D4D73-20FF-4677-898D-34EE55998939}
	EndGlobalSection
EndGlobal
